
Microsoft Visual Studio Solution File, Format Version 12.00
# Visual Studio 2013
VisualStudioVersion = 12.0.40629.0
MinimumVisualStudioVersion = 10.0.40219.1
Project("{8BC9CEB8-8B4A-11D0-8D11-00A0C91BC942}") = "talker", "talker\talker.vcxproj", "{2ACEEED8-45EE-4A70-A5DF-ACF88D6BC0E6}"
EndProject
Global
	GlobalSection(SolutionConfigurationPlatforms) = preSolution
		Debug|Win32 = Debug|Win32
		Release|Win32 = Release|Win32
	EndGlobalSection
	GlobalSection(ProjectConfigurationPlatforms) = postSolution
		{2ACEEED8-45EE-4A70-A5DF-ACF88D6BC0E6}.Debug|Win32.ActiveCfg = Debug|Win32
		{2ACEEED8-45EE-4A70-A5DF-ACF88D6BC0E6}.Debug|Win32.Build.0 = Debug|Win32
		{2ACEEED8-45EE-4A70-A5DF-ACF88D6BC0E6}.Release|Win32.ActiveCfg = Release|Win32
		{2ACEEED8-45EE-4A70-A5DF-ACF88D6BC0E6}.Release|Win32.Build.0 = Release|Win32
	EndGlobalSection
	GlobalSection(SolutionProperties) = preSolution
		HideSolutionNode = FALSE
	EndGlobalSection
EndGlobal
